
Microsoft Visual Studio Solution File, Format Version 12.00
# Visual Studio Version 16
VisualStudioVersion = 16.0.29209.152
MinimumVisualStudioVersion = 10.0.40219.1
Project("{00D1A9C2-B5F0-4AF3-8072-F6C62B433612}") = "ADWDVDemo", "AdventureWorksDV\ADWDVDemo.sqlproj", "{805FFEA8-0D32-4F33-8D94-8D66566C9F1B}"
EndProject
Global
	GlobalSection(SolutionConfigurationPlatforms) = preSolution
		Debug|Any CPU = Debug|Any CPU
		Release|Any CPU = Release|Any CPU
	EndGlobalSection
	GlobalSection(ProjectConfigurationPlatforms) = postSolution
		{805FFEA8-0D32-4F33-8D94-8D66566C9F1B}.Debug|Any CPU.ActiveCfg = Debug|Any CPU
		{805FFEA8-0D32-4F33-8D94-8D66566C9F1B}.Debug|Any CPU.Build.0 = Debug|Any CPU
		{805FFEA8-0D32-4F33-8D94-8D66566C9F1B}.Debug|Any CPU.Deploy.0 = Debug|Any CPU
		{805FFEA8-0D32-4F33-8D94-8D66566C9F1B}.Release|Any CPU.ActiveCfg = Release|Any CPU
		{805FFEA8-0D32-4F33-8D94-8D66566C9F1B}.Release|Any CPU.Build.0 = Release|Any CPU
		{805FFEA8-0D32-4F33-8D94-8D66566C9F1B}.Release|Any CPU.Deploy.0 = Release|Any CPU
	EndGlobalSection
	GlobalSection(SolutionProperties) = preSolution
		HideSolutionNode = FALSE
	EndGlobalSection
	GlobalSection(ExtensibilityGlobals) = postSolution
		SolutionGuid = {A462B4C3-EDAF-4913-B029-37C82CCA30C0}
	EndGlobalSection
EndGlobal
